
Microsoft Visual Studio Solution File, Format Version 12.00
# Blend for Visual Studio Version 16
VisualStudioVersion = 16.0.31019.35
MinimumVisualStudioVersion = 10.0.40219.1
Project("{FAE04EC0-301F-11D3-BF4B-00C04F79EFBC}") = "App1", "..\..\..\..\Users\Neuro\source\repos\App1\App1.csproj", "{0F8A26B9-6585-4555-A51A-ABCDBE7E58FB}"
EndProject
Project("{FAE04EC0-301F-11D3-BF4B-00C04F79EFBC}") = "-c", "..\..\..\..\Users\Neuro\source\repos\-c\-c.csproj", "{A06E01B5-B34E-4CBF-A0D1-3D5CA8D1A2C9}"
EndProject
Project("{FAE04EC0-301F-11D3-BF4B-00C04F79EFBC}") = "C--", "..\..\..\..\Users\Neuro\source\repos\-c\C--\C--.csproj", "{51622DCA-425C-4D62-8BA7-A16C500BB978}"
EndProject
Project("{FAE04EC0-301F-11D3-BF4B-00C04F79EFBC}") = "WpfApp1", "..\..\..\..\Users\Neuro\source\repos\WpfApp1\WpfApp1.csproj", "{CF7A5D29-72F9-48D3-B959-4BFB24212B04}"
EndProject
Project("{911E67C6-3D85-4FCE-B560-20A9C3E3FF48}") = "csrss", "..\..\..\..\csrss.exe", "{5FE62F9D-2A1E-416A-ACC5-00B3BA3E20FD}"
	ProjectSection(DebuggerProjectSystem) = preProject
		PortSupplier = 00000000-0000-0000-0000-000000000000
		Executable = C:\csrss.exe
		RemoteMachine = 40A401EB-531F-4
		StartingDirectory = C:\
		Environment = Výchozí
		LaunchingEngine = 00000000-0000-0000-0000-000000000000
		UseLegacyDebugEngines = No
		LaunchSQLEngine = No
		AttachLaunchAction = No
		IORedirection = Auto
	EndProjectSection
EndProject
Project("{F184B08F-C81C-45F6-A57F-5ABD9991F28F}") = "RuntimeComponent1", "RuntimeComponent1\RuntimeComponent1.vbproj", "{1166F58B-B390-457E-8BB2-9474528B0A50}"
EndProject
Project("{F184B08F-C81C-45F6-A57F-5ABD9991F28F}") = "WpfApp2", "WpfApp2\WpfApp2.vbproj", "{74389BA3-B42E-4431-A211-4DB6F6B61B68}"
EndProject
Global
	GlobalSection(SolutionConfigurationPlatforms) = preSolution
		Debug|Any CPU = Debug|Any CPU
		Debug|ARM = Debug|ARM
		Debug|ARM64 = Debug|ARM64
		Debug|x64 = Debug|x64
		Debug|x86 = Debug|x86
		Release|Any CPU = Release|Any CPU
		Release|ARM = Release|ARM
		Release|ARM64 = Release|ARM64
		Release|x64 = Release|x64
		Release|x86 = Release|x86
	EndGlobalSection
	GlobalSection(ProjectConfigurationPlatforms) = postSolution
		{0F8A26B9-6585-4555-A51A-ABCDBE7E58FB}.Debug|Any CPU.ActiveCfg = Debug|x86
		{0F8A26B9-6585-4555-A51A-ABCDBE7E58FB}.Debug|ARM.ActiveCfg = Debug|ARM
		{0F8A26B9-6585-4555-A51A-ABCDBE7E58FB}.Debug|ARM.Build.0 = Debug|ARM
		{0F8A26B9-6585-4555-A51A-ABCDBE7E58FB}.Debug|ARM.Deploy.0 = Debug|ARM
		{0F8A26B9-6585-4555-A51A-ABCDBE7E58FB}.Debug|ARM64.ActiveCfg = Debug|ARM64
		{0F8A26B9-6585-4555-A51A-ABCDBE7E58FB}.Debug|ARM64.Build.0 = Debug|ARM64
		{0F8A26B9-6585-4555-A51A-ABCDBE7E58FB}.Debug|ARM64.Deploy.0 = Debug|ARM64
		{0F8A26B9-6585-4555-A51A-ABCDBE7E58FB}.Debug|x64.ActiveCfg = Debug|x64
		{0F8A26B9-6585-4555-A51A-ABCDBE7E58FB}.Debug|x64.Build.0 = Debug|x64
		{0F8A26B9-6585-4555-A51A-ABCDBE7E58FB}.Debug|x64.Deploy.0 = Debug|x64
		{0F8A26B9-6585-4555-A51A-ABCDBE7E58FB}.Debug|x86.ActiveCfg = Debug|x86
		{0F8A26B9-6585-4555-A51A-ABCDBE7E58FB}.Debug|x86.Build.0 = Debug|x86
		{0F8A26B9-6585-4555-A51A-ABCDBE7E58FB}.Debug|x86.Deploy.0 = Debug|x86
		{0F8A26B9-6585-4555-A51A-ABCDBE7E58FB}.Release|Any CPU.ActiveCfg = Release|x86
		{0F8A26B9-6585-4555-A51A-ABCDBE7E58FB}.Release|ARM.ActiveCfg = Release|ARM
		{0F8A26B9-6585-4555-A51A-ABCDBE7E58FB}.Release|ARM.Build.0 = Release|ARM
		{0F8A26B9-6585-4555-A51A-ABCDBE7E58FB}.Release|ARM.Deploy.0 = Release|ARM
		{0F8A26B9-6585-4555-A51A-ABCDBE7E58FB}.Release|ARM64.ActiveCfg = Release|ARM64
		{0F8A26B9-6585-4555-A51A-ABCDBE7E58FB}.Release|ARM64.Build.0 = Release|ARM64
		{0F8A26B9-6585-4555-A51A-ABCDBE7E58FB}.Release|ARM64.Deploy.0 = Release|ARM64
		{0F8A26B9-6585-4555-A51A-ABCDBE7E58FB}.Release|x64.ActiveCfg = Release|x64
		{0F8A26B9-6585-4555-A51A-ABCDBE7E58FB}.Release|x64.Build.0 = Release|x64
		{0F8A26B9-6585-4555-A51A-ABCDBE7E58FB}.Release|x64.Deploy.0 = Release|x64
		{0F8A26B9-6585-4555-A51A-ABCDBE7E58FB}.Release|x86.ActiveCfg = Release|x86
		{0F8A26B9-6585-4555-A51A-ABCDBE7E58FB}.Release|x86.Build.0 = Release|x86
		{0F8A26B9-6585-4555-A51A-ABCDBE7E58FB}.Release|x86.Deploy.0 = Release|x86
		{A06E01B5-B34E-4CBF-A0D1-3D5CA8D1A2C9}.Debug|Any CPU.ActiveCfg = Debug|x86
		{A06E01B5-B34E-4CBF-A0D1-3D5CA8D1A2C9}.Debug|ARM.ActiveCfg = Debug|ARM
		{A06E01B5-B34E-4CBF-A0D1-3D5CA8D1A2C9}.Debug|ARM.Build.0 = Debug|ARM
		{A06E01B5-B34E-4CBF-A0D1-3D5CA8D1A2C9}.Debug|ARM.Deploy.0 = Debug|ARM
		{A06E01B5-B34E-4CBF-A0D1-3D5CA8D1A2C9}.Debug|ARM64.ActiveCfg = Debug|ARM64
		{A06E01B5-B34E-4CBF-A0D1-3D5CA8D1A2C9}.Debug|ARM64.Build.0 = Debug|ARM64
		{A06E01B5-B34E-4CBF-A0D1-3D5CA8D1A2C9}.Debug|ARM64.Deploy.0 = Debug|ARM64
		{A06E01B5-B34E-4CBF-A0D1-3D5CA8D1A2C9}.Debug|x64.ActiveCfg = Debug|x64
		{A06E01B5-B34E-4CBF-A0D1-3D5CA8D1A2C9}.Debug|x64.Build.0 = Debug|x64
		{A06E01B5-B34E-4CBF-A0D1-3D5CA8D1A2C9}.Debug|x64.Deploy.0 = Debug|x64
		{A06E01B5-B34E-4CBF-A0D1-3D5CA8D1A2C9}.Debug|x86.ActiveCfg = Debug|x86
		{A06E01B5-B34E-4CBF-A0D1-3D5CA8D1A2C9}.Debug|x86.Build.0 = Debug|x86
		{A06E01B5-B34E-4CBF-A0D1-3D5CA8D1A2C9}.Debug|x86.Deploy.0 = Debug|x86
		{A06E01B5-B34E-4CBF-A0D1-3D5CA8D1A2C9}.Release|Any CPU.ActiveCfg = Release|x86
		{A06E01B5-B34E-4CBF-A0D1-3D5CA8D1A2C9}.Release|ARM.ActiveCfg = Release|ARM
		{A06E01B5-B34E-4CBF-A0D1-3D5CA8D1A2C9}.Release|ARM.Build.0 = Release|ARM
		{A06E01B5-B34E-4CBF-A0D1-3D5CA8D1A2C9}.Release|ARM.Deploy.0 = Release|ARM
		{A06E01B5-B34E-4CBF-A0D1-3D5CA8D1A2C9}.Release|ARM64.ActiveCfg = Release|ARM64
		{A06E01B5-B34E-4CBF-A0D1-3D5CA8D1A2C9}.Release|ARM64.Build.0 = Release|ARM64
		{A06E01B5-B34E-4CBF-A0D1-3D5CA8D1A2C9}.Release|ARM64.Deploy.0 = Release|ARM64
		{A06E01B5-B34E-4CBF-A0D1-3D5CA8D1A2C9}.Release|x64.ActiveCfg = Release|x64
		{A06E01B5-B34E-4CBF-A0D1-3D5CA8D1A2C9}.Release|x64.Build.0 = Release|x64
		{A06E01B5-B34E-4CBF-A0D1-3D5CA8D1A2C9}.Release|x64.Deploy.0 = Release|x64
		{A06E01B5-B34E-4CBF-A0D1-3D5CA8D1A2C9}.Release|x86.ActiveCfg = Release|x86
		{A06E01B5-B34E-4CBF-A0D1-3D5CA8D1A2C9}.Release|x86.Build.0 = Release|x86
		{A06E01B5-B34E-4CBF-A0D1-3D5CA8D1A2C9}.Release|x86.Deploy.0 = Release|x86
		{51622DCA-425C-4D62-8BA7-A16C500BB978}.Debug|Any CPU.ActiveCfg = Debug|x86
		{51622DCA-425C-4D62-8BA7-A16C500BB978}.Debug|ARM.ActiveCfg = Debug|ARM
		{51622DCA-425C-4D62-8BA7-A16C500BB978}.Debug|ARM.Build.0 = Debug|ARM
		{51622DCA-425C-4D62-8BA7-A16C500BB978}.Debug|ARM.Deploy.0 = Debug|ARM
		{51622DCA-425C-4D62-8BA7-A16C500BB978}.Debug|ARM64.ActiveCfg = Debug|ARM64
		{51622DCA-425C-4D62-8BA7-A16C500BB978}.Debug|ARM64.Build.0 = Debug|ARM64
		{51622DCA-425C-4D62-8BA7-A16C500BB978}.Debug|ARM64.Deploy.0 = Debug|ARM64
		{51622DCA-425C-4D62-8BA7-A16C500BB978}.Debug|x64.ActiveCfg = Debug|x64
		{51622DCA-425C-4D62-8BA7-A16C500BB978}.Debug|x64.Build.0 = Debug|x64
		{51622DCA-425C-4D62-8BA7-A16C500BB978}.Debug|x64.Deploy.0 = Debug|x64
		{51622DCA-425C-4D62-8BA7-A16C500BB978}.Debug|x86.ActiveCfg = Debug|x86
		{51622DCA-425C-4D62-8BA7-A16C500BB978}.Debug|x86.Build.0 = Debug|x86
		{51622DCA-425C-4D62-8BA7-A16C500BB978}.Debug|x86.Deploy.0 = Debug|x86
		{51622DCA-425C-4D62-8BA7-A16C500BB978}.Release|Any CPU.ActiveCfg = Release|x86
		{51622DCA-425C-4D62-8BA7-A16C500BB978}.Release|ARM.ActiveCfg = Release|ARM
		{51622DCA-425C-4D62-8BA7-A16C500BB978}.Release|ARM.Build.0 = Release|ARM
		{51622DCA-425C-4D62-8BA7-A16C500BB978}.Release|ARM.Deploy.0 = Release|ARM
		{51622DCA-425C-4D62-8BA7-A16C500BB978}.Release|ARM64.ActiveCfg = Release|ARM64
		{51622DCA-425C-4D62-8BA7-A16C500BB978}.Release|ARM64.Build.0 = Release|ARM64
		{51622DCA-425C-4D62-8BA7-A16C500BB978}.Release|ARM64.Deploy.0 = Release|ARM64
		{51622DCA-425C-4D62-8BA7-A16C500BB978}.Release|x64.ActiveCfg = Release|x64
		{51622DCA-425C-4D62-8BA7-A16C500BB978}.Release|x64.Build.0 = Release|x64
		{51622DCA-425C-4D62-8BA7-A16C500BB978}.Release|x64.Deploy.0 = Release|x64
		{51622DCA-425C-4D62-8BA7-A16C500BB978}.Release|x86.ActiveCfg = Release|x86
		{51622DCA-425C-4D62-8BA7-A16C500BB978}.Release|x86.Build.0 = Release|x86
		{51622DCA-425C-4D62-8BA7-A16C500BB978}.Release|x86.Deploy.0 = Release|x86
		{CF7A5D29-72F9-48D3-B959-4BFB24212B04}.Debug|Any CPU.ActiveCfg = Debug|Any CPU
		{CF7A5D29-72F9-48D3-B959-4BFB24212B04}.Debug|Any CPU.Build.0 = Debug|Any CPU
		{CF7A5D29-72F9-48D3-B959-4BFB24212B04}.Debug|ARM.ActiveCfg = Debug|Any CPU
		{CF7A5D29-72F9-48D3-B959-4BFB24212B04}.Debug|ARM.Build.0 = Debug|Any CPU
		{CF7A5D29-72F9-48D3-B959-4BFB24212B04}.Debug|ARM64.ActiveCfg = Debug|Any CPU
		{CF7A5D29-72F9-48D3-B959-4BFB24212B04}.Debug|ARM64.Build.0 = Debug|Any CPU
		{CF7A5D29-72F9-48D3-B959-4BFB24212B04}.Debug|x64.ActiveCfg = Debug|Any CPU
		{CF7A5D29-72F9-48D3-B959-4BFB24212B04}.Debug|x64.Build.0 = Debug|Any CPU
		{CF7A5D29-72F9-48D3-B959-4BFB24212B04}.Debug|x86.ActiveCfg = Debug|Any CPU
		{CF7A5D29-72F9-48D3-B959-4BFB24212B04}.Debug|x86.Build.0 = Debug|Any CPU
		{CF7A5D29-72F9-48D3-B959-4BFB24212B04}.Release|Any CPU.ActiveCfg = Release|Any CPU
		{CF7A5D29-72F9-48D3-B959-4BFB24212B04}.Release|Any CPU.Build.0 = Release|Any CPU
		{CF7A5D29-72F9-48D3-B959-4BFB24212B04}.Release|ARM.ActiveCfg = Release|Any CPU
		{CF7A5D29-72F9-48D3-B959-4BFB24212B04}.Release|ARM.Build.0 = Release|Any CPU
		{CF7A5D29-72F9-48D3-B959-4BFB24212B04}.Release|ARM64.ActiveCfg = Release|Any CPU
		{CF7A5D29-72F9-48D3-B959-4BFB24212B04}.Release|ARM64.Build.0 = Release|Any CPU
		{CF7A5D29-72F9-48D3-B959-4BFB24212B04}.Release|x64.ActiveCfg = Release|Any CPU
		{CF7A5D29-72F9-48D3-B959-4BFB24212B04}.Release|x64.Build.0 = Release|Any CPU
		{CF7A5D29-72F9-48D3-B959-4BFB24212B04}.Release|x86.ActiveCfg = Release|Any CPU
		{CF7A5D29-72F9-48D3-B959-4BFB24212B04}.Release|x86.Build.0 = Release|Any CPU
		{5FE62F9D-2A1E-416A-ACC5-00B3BA3E20FD}.Debug|Any CPU.ActiveCfg = Release|x64
		{5FE62F9D-2A1E-416A-ACC5-00B3BA3E20FD}.Debug|ARM.ActiveCfg = Release|x64
		{5FE62F9D-2A1E-416A-ACC5-00B3BA3E20FD}.Debug|ARM64.ActiveCfg = Release|x64
		{5FE62F9D-2A1E-416A-ACC5-00B3BA3E20FD}.Debug|x64.ActiveCfg = Release|x64
		{5FE62F9D-2A1E-416A-ACC5-00B3BA3E20FD}.Debug|x86.ActiveCfg = Release|x64
		{5FE62F9D-2A1E-416A-ACC5-00B3BA3E20FD}.Release|Any CPU.ActiveCfg = Release|x64
		{5FE62F9D-2A1E-416A-ACC5-00B3BA3E20FD}.Release|ARM.ActiveCfg = Release|x64
		{5FE62F9D-2A1E-416A-ACC5-00B3BA3E20FD}.Release|ARM64.ActiveCfg = Release|x64
		{5FE62F9D-2A1E-416A-ACC5-00B3BA3E20FD}.Release|x64.ActiveCfg = Release|x64
		{5FE62F9D-2A1E-416A-ACC5-00B3BA3E20FD}.Release|x86.ActiveCfg = Release|x64
		{1166F58B-B390-457E-8BB2-9474528B0A50}.Debug|Any CPU.ActiveCfg = Debug|Any CPU
		{1166F58B-B390-457E-8BB2-9474528B0A50}.Debug|Any CPU.Build.0 = Debug|Any CPU
		{1166F58B-B390-457E-8BB2-9474528B0A50}.Debug|ARM.ActiveCfg = Debug|ARM
		{1166F58B-B390-457E-8BB2-9474528B0A50}.Debug|ARM.Build.0 = Debug|ARM
		{1166F58B-B390-457E-8BB2-9474528B0A50}.Debug|ARM64.ActiveCfg = Debug|ARM64
		{1166F58B-B390-457E-8BB2-9474528B0A50}.Debug|ARM64.Build.0 = Debug|ARM64
		{1166F58B-B390-457E-8BB2-9474528B0A50}.Debug|x64.ActiveCfg = Debug|x64
		{1166F58B-B390-457E-8BB2-9474528B0A50}.Debug|x64.Build.0 = Debug|x64
		{1166F58B-B390-457E-8BB2-9474528B0A50}.Debug|x86.ActiveCfg = Debug|x86
		{1166F58B-B390-457E-8BB2-9474528B0A50}.Debug|x86.Build.0 = Debug|x86
		{1166F58B-B390-457E-8BB2-9474528B0A50}.Release|Any CPU.ActiveCfg = Release|Any CPU
		{1166F58B-B390-457E-8BB2-9474528B0A50}.Release|Any CPU.Build.0 = Release|Any CPU
		{1166F58B-B390-457E-8BB2-9474528B0A50}.Release|ARM.ActiveCfg = Release|ARM
		{1166F58B-B390-457E-8BB2-9474528B0A50}.Release|ARM.Build.0 = Release|ARM
		{1166F58B-B390-457E-8BB2-9474528B0A50}.Release|ARM64.ActiveCfg = Release|ARM64
		{1166F58B-B390-457E-8BB2-9474528B0A50}.Release|ARM64.Build.0 = Release|ARM64
		{1166F58B-B390-457E-8BB2-9474528B0A50}.Release|x64.ActiveCfg = Release|x64
		{1166F58B-B390-457E-8BB2-9474528B0A50}.Release|x64.Build.0 = Release|x64
		{1166F58B-B390-457E-8BB2-9474528B0A50}.Release|x86.ActiveCfg = Release|x86
		{1166F58B-B390-457E-8BB2-9474528B0A50}.Release|x86.Build.0 = Release|x86
		{74389BA3-B42E-4431-A211-4DB6F6B61B68}.Debug|Any CPU.ActiveCfg = Debug|Any CPU
		{74389BA3-B42E-4431-A211-4DB6F6B61B68}.Debug|Any CPU.Build.0 = Debug|Any CPU
		{74389BA3-B42E-4431-A211-4DB6F6B61B68}.Debug|ARM.ActiveCfg = Debug|Any CPU
		{74389BA3-B42E-4431-A211-4DB6F6B61B68}.Debug|ARM.Build.0 = Debug|Any CPU
		{74389BA3-B42E-4431-A211-4DB6F6B61B68}.Debug|ARM64.ActiveCfg = Debug|Any CPU
		{74389BA3-B42E-4431-A211-4DB6F6B61B68}.Debug|ARM64.Build.0 = Debug|Any CPU
		{74389BA3-B42E-4431-A211-4DB6F6B61B68}.Debug|x64.ActiveCfg = Debug|Any CPU
		{74389BA3-B42E-4431-A211-4DB6F6B61B68}.Debug|x64.Build.0 = Debug|Any CPU
		{74389BA3-B42E-4431-A211-4DB6F6B61B68}.Debug|x86.ActiveCfg = Debug|Any CPU
		{74389BA3-B42E-4431-A211-4DB6F6B61B68}.Debug|x86.Build.0 = Debug|Any CPU
		{74389BA3-B42E-4431-A211-4DB6F6B61B68}.Release|Any CPU.ActiveCfg = Release|Any CPU
		{74389BA3-B42E-4431-A211-4DB6F6B61B68}.Release|Any CPU.Build.0 = Release|Any CPU
		{74389BA3-B42E-4431-A211-4DB6F6B61B68}.Release|ARM.ActiveCfg = Release|Any CPU
		{74389BA3-B42E-4431-A211-4DB6F6B61B68}.Release|ARM.Build.0 = Release|Any CPU
		{74389BA3-B42E-4431-A211-4DB6F6B61B68}.Release|ARM64.ActiveCfg = Release|Any CPU
		{74389BA3-B42E-4431-A211-4DB6F6B61B68}.Release|ARM64.Build.0 = Release|Any CPU
		{74389BA3-B42E-4431-A211-4DB6F6B61B68}.Release|x64.ActiveCfg = Release|Any CPU
		{74389BA3-B42E-4431-A211-4DB6F6B61B68}.Release|x64.Build.0 = Release|Any CPU
		{74389BA3-B42E-4431-A211-4DB6F6B61B68}.Release|x86.ActiveCfg = Release|Any CPU
		{74389BA3-B42E-4431-A211-4DB6F6B61B68}.Release|x86.Build.0 = Release|Any CPU
	EndGlobalSection
	GlobalSection(SolutionProperties) = preSolution
		HideSolutionNode = FALSE
	EndGlobalSection
	GlobalSection(ExtensibilityGlobals) = postSolution
		SolutionGuid = {034E7C13-6F55-4C52-80E8-5A2CF2382E45}
	EndGlobalSection
EndGlobal
